{
  "name": "@donrayxwilliams/create-boilerplate",
  "version": "1.0.4",
  "lockfileVersion": 3,
  "requires": true,
  "packages": {
    "": {
      "name": "@donrayxwilliams/create-boilerplate",
      "version": "1.0.4",
      "license": "ISC",
      "bin": {
        "create-boilerplate": "bin/cli.js"
      }
    }
  }
}
